{
  "name": "mybook",
  "version": "1.0.0",
  "lockfileVersion": 1,
  "requires": true,
  "dependencies": {
    "gh-pages": {
      "version": "0.12.0",
      "resolved": "http://registry.npm.taobao.org/gh-pages/download/gh-pages-0.12.0.tgz",
      "integrity": "sha1-2VHj7Zi4VpnUsEGOsaFbGgSYjcE=",
      "requires": {
        "async": "2.1.2",
        "commander": "2.9.0",
        "globby": "6.1.0",
        "graceful-fs": "4.1.10",
        "q": "1.4.1",
        "q-io": "1.13.2",
        "rimraf": "2.6.1"
      },
      "dependencies": {
        "array-union": {
          "version": "1.0.2",
          "resolved": "http://registry.npm.taobao.org/array-union/download/array-union-1.0.2.tgz",
          "integrity": "sha1-mjRBDk9OPaI96jdb5b5w8kd47Dk=",
          "requires": {
            "array-uniq": "1.0.3"
          }
        },
        "array-uniq": {
          "version": "1.0.3",
          "resolved": "http://registry.npm.taobao.org/array-uniq/download/array-uniq-1.0.3.tgz",
          "integrity": "sha1-r2rId6Jcx/dOBYiUdThY39sk/bY="
        },
        "async": {
          "version": "2.1.2",
          "resolved": "http://registry.npm.taobao.org/async/download/async-2.1.2.tgz",
          "integrity": "sha1-YSpKtF70KnDN6Aa62G7m2wR+g4U=",
          "requires": {
            "lodash": "4.17.4"
          }
        },
        "balanced-match": {
          "version": "1.0.0",
          "resolved": "http://registry.npm.taobao.org/balanced-match/download/balanced-match-1.0.0.tgz",
          "integrity": "sha1-ibTRmasr7kneFk6gK4nORi1xt2c="
        },
        "brace-expansion": {
          "version": "1.1.8",
          "resolved": "http://registry.npm.taobao.org/brace-expansion/download/brace-expansion-1.1.8.tgz",
          "integrity": "sha1-wHshHHyVLsH479Uad+8NHTmQopI=",
          "requires": {
            "balanced-match": "1.0.0",
            "concat-map": "0.0.1"
          }
        },
        "collections": {
          "version": "0.2.2",
          "resolved": "http://registry.npm.taobao.org/collections/download/collections-0.2.2.tgz",
          "integrity": "sha1-HyMCay7zb5J+7MkB6ZxfDUj6M04=",
          "requires": {
            "weak-map": "1.0.0"
          }
        },
        "commander": {
          "version": "2.9.0",
          "resolved": "http://registry.npm.taobao.org/commander/download/commander-2.9.0.tgz",
          "integrity": "sha1-nJkJQXbhIkDLItbFFGCYQA/g99Q=",
          "requires": {
            "graceful-readlink": "1.0.1"
          }
        },
        "concat-map": {
          "version": "0.0.1",
          "resolved": "http://registry.npm.taobao.org/concat-map/download/concat-map-0.0.1.tgz",
          "integrity": "sha1-2Klr13/Wjfd5OnMDajug1UBdR3s="
        },
        "fs.realpath": {
          "version": "1.0.0",
          "resolved": "http://registry.npm.taobao.org/fs.realpath/download/fs.realpath-1.0.0.tgz",
          "integrity": "sha1-FQStJSMVjKpA20onh8sBQRmU6k8="
        },
        "glob": {
          "version": "7.1.2",
          "resolved": "http://registry.npm.taobao.org/glob/download/glob-7.1.2.tgz",
          "integrity": "sha1-wZyd+aAocC1nhhI4SmVSQExjbRU=",
          "requires": {
            "fs.realpath": "1.0.0",
            "inflight": "1.0.6",
            "inherits": "2.0.3",
            "minimatch": "3.0.4",
            "once": "1.4.0",
            "path-is-absolute": "1.0.1"
          }
        },
        "globby": {
          "version": "6.1.0",
          "resolved": "http://registry.npm.taobao.org/globby/download/globby-6.1.0.tgz",
          "integrity": "sha1-9abXDoOV4hyFj7BInWTfAkJNUGw=",
          "requires": {
            "array-union": "1.0.2",
            "glob": "7.1.2",
            "object-assign": "4.1.1",
            "pify": "2.3.0",
            "pinkie-promise": "2.0.1"
          }
        },
        "graceful-fs": {
          "version": "4.1.10",
          "resolved": "http://registry.npm.taobao.org/graceful-fs/download/graceful-fs-4.1.10.tgz",
          "integrity": "sha1-8tcgwiCS90Mih3XHXjYSYyUB8TE="
        },
        "graceful-readlink": {
          "version": "1.0.1",
          "resolved": "http://registry.npm.taobao.org/graceful-readlink/download/graceful-readlink-1.0.1.tgz",
          "integrity": "sha1-TK+tdrxi8C+gObL5Tpo906ORpyU="
        },
        "inflight": {
          "version": "1.0.6",
          "resolved": "http://registry.npm.taobao.org/inflight/download/inflight-1.0.6.tgz",
          "integrity": "sha1-Sb1jMdfQLQwJvJEKEHW6gWW1bfk=",
          "requires": {
            "once": "1.4.0",
            "wrappy": "1.0.2"
          }
        },
        "inherits": {
          "version": "2.0.3",
          "resolved": "http://registry.npm.taobao.org/inherits/download/inherits-2.0.3.tgz",
          "integrity": "sha1-Yzwsg+PaQqUC9SRmAiSA9CCCYd4="
        },
        "lodash": {
          "version": "4.17.4",
          "resolved": "http://registry.npm.taobao.org/lodash/download/lodash-4.17.4.tgz",
          "integrity": "sha1-eCA6TRwyiuHYbcpkYONptX9AVa4="
        },
        "mime": {
          "version": "1.4.0",
          "resolved": "http://registry.npm.taobao.org/mime/download/mime-1.4.0.tgz",
          "integrity": "sha1-aeng21HUTyo7VuSLeBfX0Tfxo0M="
        },
        "mimeparse": {
          "version": "0.1.4",
          "resolved": "http://registry.npm.taobao.org/mimeparse/download/mimeparse-0.1.4.tgz",
          "integrity": "sha1-2vsCdSNw/SJgk64xUsJxrwGsJUo="
        },
        "minimatch": {
          "version": "3.0.4",
          "resolved": "http://registry.npm.taobao.org/minimatch/download/minimatch-3.0.4.tgz",
          "integrity": "sha1-UWbihkV/AzBgZL5Ul+jbsMPTIIM=",
          "requires": {
            "brace-expansion": "1.1.8"
          }
        },
        "object-assign": {
          "version": "4.1.1",
          "resolved": "http://registry.npm.taobao.org/object-assign/download/object-assign-4.1.1.tgz",
          "integrity": "sha1-IQmtx5ZYh8/AXLvUQsrIv7s2CGM="
        },
        "once": {
          "version": "1.4.0",
          "resolved": "http://registry.npm.taobao.org/once/download/once-1.4.0.tgz",
          "integrity": "sha1-WDsap3WWHUsROsF9nFC6753Xa9E=",
          "requires": {
            "wrappy": "1.0.2"
          }
        },
        "path-is-absolute": {
          "version": "1.0.1",
          "resolved": "http://registry.npm.taobao.org/path-is-absolute/download/path-is-absolute-1.0.1.tgz",
          "integrity": "sha1-F0uSaHNVNP+8es5r9TpanhtcX18="
        },
        "pify": {
          "version": "2.3.0",
          "resolved": "http://registry.npm.taobao.org/pify/download/pify-2.3.0.tgz",
          "integrity": "sha1-7RQaasBDqEnqWISY59yosVMw6Qw="
        },
        "pinkie": {
          "version": "2.0.4",
          "resolved": "http://registry.npm.taobao.org/pinkie/download/pinkie-2.0.4.tgz",
          "integrity": "sha1-clVrgM+g1IqXToDnckjoDtT3+HA="
        },
        "pinkie-promise": {
          "version": "2.0.1",
          "resolved": "http://registry.npm.taobao.org/pinkie-promise/download/pinkie-promise-2.0.1.tgz",
          "integrity": "sha1-ITXW36ejWMBprJsXh3YogihFD/o=",
          "requires": {
            "pinkie": "2.0.4"
          }
        },
        "q": {
          "version": "1.4.1",
          "resolved": "http://registry.npm.taobao.org/q/download/q-1.4.1.tgz",
          "integrity": "sha1-VXBbzZPF82c1MMLCy8DCs63cKG4="
        },
        "q-io": {
          "version": "1.13.2",
          "resolved": "http://registry.npm.taobao.org/q-io/download/q-io-1.13.2.tgz",
          "integrity": "sha1-7qEw1IHdteGqG8WmaFX3OR0G8AM=",
          "requires": {
            "collections": "0.2.2",
            "mime": "1.4.0",
            "mimeparse": "0.1.4",
            "q": "1.4.1",
            "qs": "1.2.2",
            "url2": "0.0.0"
          }
        },
        "qs": {
          "version": "1.2.2",
          "resolved": "http://registry.npm.taobao.org/qs/download/qs-1.2.2.tgz",
          "integrity": "sha1-GbV/8k3CqZzh+L32r82ln472H4g="
        },
        "rimraf": {
          "version": "2.6.1",
          "resolved": "http://registry.npm.taobao.org/rimraf/download/rimraf-2.6.1.tgz",
          "integrity": "sha1-wjOOxkPfeht/5cVPqG9XQopV8z0=",
          "requires": {
            "glob": "7.1.2"
          }
        },
        "url2": {
          "version": "0.0.0",
          "resolved": "http://registry.npm.taobao.org/url2/download/url2-0.0.0.tgz",
          "integrity": "sha1-Tqq9HVw6yQ1iq0SFyZhCKGWgSxo="
        },
        "weak-map": {
          "version": "1.0.0",
          "resolved": "http://registry.npm.taobao.org/weak-map/download/weak-map-1.0.0.tgz",
          "integrity": "sha1-tm5Wqd8L0lp2u/G1FNsSkIBhSjc="
        },
        "wrappy": {
          "version": "1.0.2",
          "resolved": "http://registry.npm.taobao.org/wrappy/download/wrappy-1.0.2.tgz",
          "integrity": "sha1-tSQ9jz7BqjXxNkYFvA0QNuMKtp8="
        }
      }
    }
  }
}
